<?xml version="1.0" encoding="utf-8"?>
<Project ToolsVersion="4.0" xmlns="http://schemas.microsoft.com/developer/msbuild/2003">
  <ItemGroup>
    <ClCompile Include="src\main.cpp" />
    <ClCompile Include="src\Scene.cpp" />
    <ClCompile Include="src\parser\ANFparser.cpp">
      <Filter>parser</Filter>
    </ClCompile>
    <ClCompile Include="src\parser\ANFparserAppearances.cpp">
      <Filter>parser</Filter>
    </ClCompile>
    <ClCompile Include="src\parser\ANFparserGlobals.cpp">
      <Filter>parser</Filter>
    </ClCompile>
    <ClCompile Include="src\parser\ANFparserGraph.cpp">
      <Filter>parser</Filter>
    </ClCompile>
    <ClCompile Include="src\scenegraph\Node.cpp">
      <Filter>scenegraph</Filter>
    </ClCompile>
    <ClCompile Include="src\scenegraph\Sphere.cpp">
      <Filter>scenegraph</Filter>
    </ClCompile>
    <ClCompile Include="src\scenegraph\Triangle.cpp">
      <Filter>scenegraph</Filter>
    </ClCompile>
    <ClCompile Include="src\parser\ANFparserPrimitives.cpp">
      <Filter>parser</Filter>
    </ClCompile>
    <ClCompile Include="src\Light.cpp" />
  </ItemGroup>
  <ItemGroup>
    <ClInclude Include="src\Scene.h" />
    <ClInclude Include="src\parser\ANFparser.h">
      <Filter>parser</Filter>
    </ClInclude>
    <ClInclude Include="src\scenegraph\Node.h">
      <Filter>scenegraph</Filter>
    </ClInclude>
    <ClInclude Include="src\scenegraph\Point.h">
      <Filter>scenegraph</Filter>
    </ClInclude>
    <ClInclude Include="src\scenegraph\Sphere.h">
      <Filter>scenegraph</Filter>
    </ClInclude>
    <ClInclude Include="src\scenegraph\Triangle.h">
      <Filter>scenegraph</Filter>
    </ClInclude>
    <ClInclude Include="src\Light.h" />
  </ItemGroup>
  <ItemGroup>
    <Filter Include="parser">
      <UniqueIdentifier>{31a93751-5453-45c6-b4e3-7369d12722d8}</UniqueIdentifier>
    </Filter>
    <Filter Include="scenegraph">
      <UniqueIdentifier>{c8330cfa-333b-41b7-b737-220ac0f8cee8}</UniqueIdentifier>
    </Filter>
    <Filter Include="resources">
      <UniqueIdentifier>{7f625083-6e7b-4ce4-b754-5957d03aed71}</UniqueIdentifier>
    </Filter>
  </ItemGroup>
  <ItemGroup>
    <None Include="bin\scene.xml">
      <Filter>resources</Filter>
    </None>
  </ItemGroup>
</Project>