<?xml version="1.0" encoding="utf-8"?>
<Project ToolsVersion="4.0" xmlns="http://schemas.microsoft.com/developer/msbuild/2003">
  <ItemGroup>
    <ClCompile Include="src\main.cpp" />
    <ClCompile Include="src\parser\ANFparser.cpp">
      <Filter>parser</Filter>
    </ClCompile>
    <ClCompile Include="src\parser\ANFparserAppearances.cpp">
      <Filter>parser</Filter>
    </ClCompile>
    <ClCompile Include="src\parser\ANFparserGlobals.cpp">
      <Filter>parser</Filter>
    </ClCompile>
    <ClCompile Include="src\parser\ANFparserGraph.cpp">
      <Filter>parser</Filter>
    </ClCompile>
    <ClCompile Include="src\scenegraph\Node.cpp">
      <Filter>scenegraph</Filter>
    </ClCompile>
    <ClCompile Include="src\parser\ANFparserPrimitives.cpp">
      <Filter>parser</Filter>
    </ClCompile>
    <ClCompile Include="src\parser\ANFparserLights.cpp">
      <Filter>parser</Filter>
    </ClCompile>
    <ClCompile Include="src\parser\ANFparserCameras.cpp">
      <Filter>parser</Filter>
    </ClCompile>
    <ClCompile Include="src\scenegraph\Camera.cpp">
      <Filter>scenegraph</Filter>
    </ClCompile>
    <ClCompile Include="src\scenegraph\utils\Normals.cpp">
      <Filter>scenegraph\utils</Filter>
    </ClCompile>
    <ClCompile Include="src\Interface.cpp" />
    <ClCompile Include="src\scenegraph\primitives\Sphere.cpp">
      <Filter>scenegraph\primitives</Filter>
    </ClCompile>
    <ClCompile Include="src\scenegraph\primitives\Toro.cpp">
      <Filter>scenegraph\primitives</Filter>
    </ClCompile>
    <ClCompile Include="src\scenegraph\primitives\Triangle.cpp">
      <Filter>scenegraph\primitives</Filter>
    </ClCompile>
    <ClCompile Include="src\scenegraph\primitives\Cylinder.cpp">
      <Filter>scenegraph\primitives</Filter>
    </ClCompile>
    <ClCompile Include="src\scenegraph\primitives\Retangle.cpp">
      <Filter>scenegraph\primitives</Filter>
    </ClCompile>
    <ClCompile Include="src\scenegraph\Texture.cpp">
      <Filter>scenegraph</Filter>
    </ClCompile>
    <ClCompile Include="src\scenegraph\Light.cpp">
      <Filter>scenegraph</Filter>
    </ClCompile>
    <ClCompile Include="src\scenegraph\Scene.cpp">
      <Filter>scenegraph</Filter>
    </ClCompile>
    <ClCompile Include="..\Project1\src\scenegraph\primitives\Plane.cpp">
      <Filter>scenegraph\primitives</Filter>
    </ClCompile>
    <ClCompile Include="..\Project1\src\scenegraph\primitives\Patch.cpp">
      <Filter>scenegraph\primitives</Filter>
    </ClCompile>
    <ClCompile Include="src\Animation.cpp" />
  </ItemGroup>
  <ItemGroup>
    <ClInclude Include="src\parser\ANFparser.h">
      <Filter>parser</Filter>
    </ClInclude>
    <ClInclude Include="src\scenegraph\Node.h">
      <Filter>scenegraph</Filter>
    </ClInclude>
    <ClInclude Include="src\scenegraph\Camera.h">
      <Filter>scenegraph</Filter>
    </ClInclude>
    <ClInclude Include="src\scenegraph\utils\Point.h">
      <Filter>scenegraph\utils</Filter>
    </ClInclude>
    <ClInclude Include="src\scenegraph\utils\Normals.h">
      <Filter>scenegraph\utils</Filter>
    </ClInclude>
    <ClInclude Include="src\Interface.h" />
    <ClInclude Include="src\scenegraph\primitives\Sphere.h">
      <Filter>scenegraph\primitives</Filter>
    </ClInclude>
    <ClInclude Include="src\scenegraph\primitives\Toro.h">
      <Filter>scenegraph\primitives</Filter>
    </ClInclude>
    <ClInclude Include="src\scenegraph\primitives\Triangle.h">
      <Filter>scenegraph\primitives</Filter>
    </ClInclude>
    <ClInclude Include="src\scenegraph\primitives\Cylinder.h">
      <Filter>scenegraph\primitives</Filter>
    </ClInclude>
    <ClInclude Include="src\scenegraph\primitives\Retangle.h">
      <Filter>scenegraph\primitives</Filter>
    </ClInclude>
    <ClInclude Include="src\scenegraph\Texture.h">
      <Filter>scenegraph</Filter>
    </ClInclude>
    <ClInclude Include="src\scenegraph\Primitive.h">
      <Filter>scenegraph</Filter>
    </ClInclude>
    <ClInclude Include="src\scenegraph\Appearance.h">
      <Filter>scenegraph</Filter>
    </ClInclude>
    <ClInclude Include="src\scenegraph\Scene.h">
      <Filter>scenegraph</Filter>
    </ClInclude>
    <ClInclude Include="src\scenegraph\Light.h">
      <Filter>scenegraph</Filter>
    </ClInclude>
    <ClInclude Include="..\Project1\src\scenegraph\primitives\Plane.h">
      <Filter>scenegraph\primitives</Filter>
    </ClInclude>
    <ClInclude Include="..\Project1\src\scenegraph\primitives\Patch.h">
      <Filter>scenegraph\primitives</Filter>
    </ClInclude>
    <ClInclude Include="src\Animation.h" />
  </ItemGroup>
  <ItemGroup>
    <Filter Include="parser">
      <UniqueIdentifier>{31a93751-5453-45c6-b4e3-7369d12722d8}</UniqueIdentifier>
    </Filter>
    <Filter Include="scenegraph">
      <UniqueIdentifier>{c8330cfa-333b-41b7-b737-220ac0f8cee8}</UniqueIdentifier>
    </Filter>
    <Filter Include="resources">
      <UniqueIdentifier>{7f625083-6e7b-4ce4-b754-5957d03aed71}</UniqueIdentifier>
    </Filter>
    <Filter Include="scenegraph\utils">
      <UniqueIdentifier>{6744e67b-ea74-4d3b-83bd-a0e1bf0234c3}</UniqueIdentifier>
    </Filter>
    <Filter Include="scenegraph\primitives">
      <UniqueIdentifier>{d9ee1a75-0f85-4703-9a5f-043526ccb881}</UniqueIdentifier>
    </Filter>
  </ItemGroup>
  <ItemGroup>
    <None Include="bin\scene.anf">
      <Filter>resources</Filter>
    </None>
  </ItemGroup>
</Project>